PODS:
  - JelloSwift (0.15.0)
  - LibTessSwift (0.6.3)

DEPENDENCIES:
  - JelloSwift (from `../`)
  - LibTessSwift (~> 0.6.0)

SPEC REPOS:
  https://github.com/cocoapods/specs.git:
    - LibTessSwift

EXTERNAL SOURCES:
  JelloSwift:
    :path: "../"

SPEC CHECKSUMS:
  JelloSwift: f335a1ac9c1965e41a95e1fdf677453e4db6bc46
  LibTessSwift: 2678bdddc132a84be2de3d17ab0c66d992dd9ac8

PODFILE CHECKSUM: 53165c1f822a062a43db5eb57ffa7b2bc1f77bd8

COCOAPODS: 1.6.1
