PODS:
  - JelloSwift (0.10.0)
  - LibTessSwift (0.6.2)

DEPENDENCIES:
  - JelloSwift (from `../`)
  - LibTessSwift (~> 0.6.0)

EXTERNAL SOURCES:
  JelloSwift:
    :path: "../"

SPEC CHECKSUMS:
  JelloSwift: 71044458abb1ecc36b60907246a932f2b92d371b
  LibTessSwift: 340c50726f38731243c2e4435945472f6675ebcd

PODFILE CHECKSUM: 157e1cd318c111530b306b0f1d82a8a2800e79fa

COCOAPODS: 1.2.1
