// !$*UTF8*$!
{
	archiveVersion = 1;
	classes = {
	};
	objectVersion = 46;
	objects = {

/* Begin PBXBuildFile section */
		A027EE611AD1EF1900E849AC /* BodyEdge.swift in Sources */ = {isa = PBXBuildFile; fileRef = A027EE601AD1EF1900E849AC /* BodyEdge.swift */; };
		A027EE621AD1EF1900E849AC /* BodyEdge.swift in Sources */ = {isa = PBXBuildFile; fileRef = A027EE601AD1EF1900E849AC /* BodyEdge.swift */; };
		A027EE631AD2073900E849AC /* BodyEdge.swift in Sources */ = {isa = PBXBuildFile; fileRef = A027EE601AD1EF1900E849AC /* BodyEdge.swift */; };
		A0510AED1AAA341C00C03017 /* BodyJoint.swift in Sources */ = {isa = PBXBuildFile; fileRef = A0510AEC1AAA341C00C03017 /* BodyJoint.swift */; };
		A0510AEF1AAA404300C03017 /* BodyJoint.swift in Sources */ = {isa = PBXBuildFile; fileRef = A0510AEC1AAA341C00C03017 /* BodyJoint.swift */; };
		A0510AF11AAA41D700C03017 /* PointJointLink.swift in Sources */ = {isa = PBXBuildFile; fileRef = A0510AF01AAA41D700C03017 /* PointJointLink.swift */; };
		A0510AF31AAA466D00C03017 /* EdgeJointLink.swift in Sources */ = {isa = PBXBuildFile; fileRef = A0510AF21AAA466D00C03017 /* EdgeJointLink.swift */; };
		A0510AF51AAA4B4500C03017 /* GeomUtilsTests.swift in Sources */ = {isa = PBXBuildFile; fileRef = A0510AF41AAA4B4500C03017 /* GeomUtilsTests.swift */; };
		A0510AF61AAA4BCC00C03017 /* EdgeJointLink.swift in Sources */ = {isa = PBXBuildFile; fileRef = A0510AF21AAA466D00C03017 /* EdgeJointLink.swift */; };
		A0510AF71AAA4C9000C03017 /* PointJointLink.swift in Sources */ = {isa = PBXBuildFile; fileRef = A0510AF01AAA41D700C03017 /* PointJointLink.swift */; };
		A0510AF91AAA4FED00C03017 /* BodyJointLink.swift in Sources */ = {isa = PBXBuildFile; fileRef = A0510AF81AAA4FED00C03017 /* BodyJointLink.swift */; };
		A0510AFA1AAA4FED00C03017 /* BodyJointLink.swift in Sources */ = {isa = PBXBuildFile; fileRef = A0510AF81AAA4FED00C03017 /* BodyJointLink.swift */; };
		A0510AFC1AAA543E00C03017 /* SpringBodyJoint.swift in Sources */ = {isa = PBXBuildFile; fileRef = A0510AFB1AAA543E00C03017 /* SpringBodyJoint.swift */; };
		A0510AFD1AAA543E00C03017 /* SpringBodyJoint.swift in Sources */ = {isa = PBXBuildFile; fileRef = A0510AFB1AAA543E00C03017 /* SpringBodyJoint.swift */; };
		A0510B011AAA573B00C03017 /* ShapeJointLink.swift in Sources */ = {isa = PBXBuildFile; fileRef = A0510B001AAA573B00C03017 /* ShapeJointLink.swift */; };
		A0510B021AAA573B00C03017 /* ShapeJointLink.swift in Sources */ = {isa = PBXBuildFile; fileRef = A0510B001AAA573B00C03017 /* ShapeJointLink.swift */; };
		A05ECD5319B1A38C00F84326 /* GravityComponent.swift in Sources */ = {isa = PBXBuildFile; fileRef = A05ECD5219B1A38C00F84326 /* GravityComponent.swift */; };
		A05ECD5419B1A6D700F84326 /* BodyComponent.swift in Sources */ = {isa = PBXBuildFile; fileRef = A06EC14E199FD4EE00402D4C /* BodyComponent.swift */; };
		A05ECD5519B1A6D700F84326 /* SpringComponent.swift in Sources */ = {isa = PBXBuildFile; fileRef = A06EC14C199FD49200402D4C /* SpringComponent.swift */; };
		A05ECD5619B1A6D700F84326 /* PressureComponent.swift in Sources */ = {isa = PBXBuildFile; fileRef = A06EC150199FDB2300402D4C /* PressureComponent.swift */; };
		A05ECD5719B1A6D700F84326 /* GravityComponent.swift in Sources */ = {isa = PBXBuildFile; fileRef = A05ECD5219B1A38C00F84326 /* GravityComponent.swift */; };
		A06EC14D199FD49200402D4C /* SpringComponent.swift in Sources */ = {isa = PBXBuildFile; fileRef = A06EC14C199FD49200402D4C /* SpringComponent.swift */; };
		A06EC14F199FD4EE00402D4C /* BodyComponent.swift in Sources */ = {isa = PBXBuildFile; fileRef = A06EC14E199FD4EE00402D4C /* BodyComponent.swift */; };
		A06EC151199FDB2300402D4C /* PressureComponent.swift in Sources */ = {isa = PBXBuildFile; fileRef = A06EC150199FDB2300402D4C /* PressureComponent.swift */; };
		A07D54711997E4EE003C9669 /* PointMassTests.swift in Sources */ = {isa = PBXBuildFile; fileRef = A07D54701997E4EE003C9669 /* PointMassTests.swift */; };
		A081CFE21996B04D00C7CA49 /* PolyDrawer.swift in Sources */ = {isa = PBXBuildFile; fileRef = A081CFE11996B04D00C7CA49 /* PolyDrawer.swift */; };
		A08E5FA31AA8B56700F4CA0F /* ClosedShapeTests.swift in Sources */ = {isa = PBXBuildFile; fileRef = A08E5FA21AA8B56700F4CA0F /* ClosedShapeTests.swift */; };
		A09CC4971A251A880073BB62 /* AABB.swift in Sources */ = {isa = PBXBuildFile; fileRef = A0C95510199336460066F88F /* AABB.swift */; };
		A09CC4981A251A880073BB62 /* PointMass.swift in Sources */ = {isa = PBXBuildFile; fileRef = A0C9550E199333D30066F88F /* PointMass.swift */; };
		A09CC4991A251A880073BB62 /* GeomUtils.swift in Sources */ = {isa = PBXBuildFile; fileRef = A0C9553519946BA00066F88F /* GeomUtils.swift */; };
		A09CC49A1A251A880073BB62 /* BodyCollisionInformation.swift in Sources */ = {isa = PBXBuildFile; fileRef = A0C955321993C37C0066F88F /* BodyCollisionInformation.swift */; };
		A09CC49B1A251A880073BB62 /* RenderingSettings.swift in Sources */ = {isa = PBXBuildFile; fileRef = A0C9553C1995C2590066F88F /* RenderingSettings.swift */; };
		A09CC49C1A251A880073BB62 /* Vector2.swift in Sources */ = {isa = PBXBuildFile; fileRef = A0C9550C199329280066F88F /* Vector2.swift */; };
		A09CC49D1A251A880073BB62 /* SpringComponent.swift in Sources */ = {isa = PBXBuildFile; fileRef = A06EC14C199FD49200402D4C /* SpringComponent.swift */; };
		A09CC49E1A251A880073BB62 /* InternalSpring.swift in Sources */ = {isa = PBXBuildFile; fileRef = A0C9551F199342D10066F88F /* InternalSpring.swift */; };
		A09CC49F1A251A880073BB62 /* GravityComponent.swift in Sources */ = {isa = PBXBuildFile; fileRef = A05ECD5219B1A38C00F84326 /* GravityComponent.swift */; };
		A09CC4A01A251A880073BB62 /* PressureComponent.swift in Sources */ = {isa = PBXBuildFile; fileRef = A06EC150199FDB2300402D4C /* PressureComponent.swift */; };
		A09CC4A11A251A880073BB62 /* PolyDrawer.swift in Sources */ = {isa = PBXBuildFile; fileRef = A081CFE11996B04D00C7CA49 /* PolyDrawer.swift */; };
		A09CC4A21A251A880073BB62 /* Bitmask.swift in Sources */ = {isa = PBXBuildFile; fileRef = A0C9551919933D9B0066F88F /* Bitmask.swift */; };
		A09CC4A41A251A880073BB62 /* BodyComponent.swift in Sources */ = {isa = PBXBuildFile; fileRef = A06EC14E199FD4EE00402D4C /* BodyComponent.swift */; };
		A09CC4A51A251A880073BB62 /* Body.swift in Sources */ = {isa = PBXBuildFile; fileRef = A0C9552B1993BC150066F88F /* Body.swift */; };
		A09CC4A61A251A880073BB62 /* Utils.swift in Sources */ = {isa = PBXBuildFile; fileRef = A0C95525199344390066F88F /* Utils.swift */; };
		A09CC4A71A251A880073BB62 /* MaterialPair.swift in Sources */ = {isa = PBXBuildFile; fileRef = A0C955281993BB360066F88F /* MaterialPair.swift */; };
		A09CC4A91A251A880073BB62 /* AppDelegate.swift in Sources */ = {isa = PBXBuildFile; fileRef = A0C954EA199329130066F88F /* AppDelegate.swift */; };
		A09CC4AA1A251A880073BB62 /* World.swift in Sources */ = {isa = PBXBuildFile; fileRef = A0C9552E1993BFA50066F88F /* World.swift */; };
		A09CC4AB1A251A880073BB62 /* ClosedShape.swift in Sources */ = {isa = PBXBuildFile; fileRef = A0C95522199343DF0066F88F /* ClosedShape.swift */; };
		A09CC4AE1A251A880073BB62 /* Images.xcassets in Resources */ = {isa = PBXBuildFile; fileRef = A0C954F5199329130066F88F /* Images.xcassets */; };
		A09CC4B01A251A880073BB62 /* Main.storyboard in Resources */ = {isa = PBXBuildFile; fileRef = A0C954F2199329130066F88F /* Main.storyboard */; };
		A0A4B4D31AC6405B0097AFDC /* SpringBodyJoint.swift in Sources */ = {isa = PBXBuildFile; fileRef = A0510AFB1AAA543E00C03017 /* SpringBodyJoint.swift */; };
		A0A4B4D41AC6405E0097AFDC /* BodyJoint.swift in Sources */ = {isa = PBXBuildFile; fileRef = A0510AEC1AAA341C00C03017 /* BodyJoint.swift */; };
		A0A4B4D71AC640640097AFDC /* BodyJointLink.swift in Sources */ = {isa = PBXBuildFile; fileRef = A0510AF81AAA4FED00C03017 /* BodyJointLink.swift */; };
		A0A4B4D81AC640640097AFDC /* ShapeJointLink.swift in Sources */ = {isa = PBXBuildFile; fileRef = A0510B001AAA573B00C03017 /* ShapeJointLink.swift */; };
		A0A4B4DA1AC6406C0097AFDC /* PointJointLink.swift in Sources */ = {isa = PBXBuildFile; fileRef = A0510AF01AAA41D700C03017 /* PointJointLink.swift */; };
		A0A4B4DB1AC6406C0097AFDC /* EdgeJointLink.swift in Sources */ = {isa = PBXBuildFile; fileRef = A0510AF21AAA466D00C03017 /* EdgeJointLink.swift */; };
		A0B015711AD1D57E00340465 /* DemoViewController.swift in Sources */ = {isa = PBXBuildFile; fileRef = A0B015701AD1D57E00340465 /* DemoViewController.swift */; };
		A0B015721AD1D57E00340465 /* DemoViewController.swift in Sources */ = {isa = PBXBuildFile; fileRef = A0B015701AD1D57E00340465 /* DemoViewController.swift */; };
		A0C954EB199329130066F88F /* AppDelegate.swift in Sources */ = {isa = PBXBuildFile; fileRef = A0C954EA199329130066F88F /* AppDelegate.swift */; };
		A0C954F4199329130066F88F /* Main.storyboard in Resources */ = {isa = PBXBuildFile; fileRef = A0C954F2199329130066F88F /* Main.storyboard */; };
		A0C954F6199329130066F88F /* Images.xcassets in Resources */ = {isa = PBXBuildFile; fileRef = A0C954F5199329130066F88F /* Images.xcassets */; };
		A0C95502199329130066F88F /* JelloSwiftTests.swift in Sources */ = {isa = PBXBuildFile; fileRef = A0C95501199329130066F88F /* JelloSwiftTests.swift */; };
		A0C9550D199329280066F88F /* Vector2.swift in Sources */ = {isa = PBXBuildFile; fileRef = A0C9550C199329280066F88F /* Vector2.swift */; };
		A0C9550F199333D30066F88F /* PointMass.swift in Sources */ = {isa = PBXBuildFile; fileRef = A0C9550E199333D30066F88F /* PointMass.swift */; };
		A0C95511199336460066F88F /* AABB.swift in Sources */ = {isa = PBXBuildFile; fileRef = A0C95510199336460066F88F /* AABB.swift */; };
		A0C9551619933ADA0066F88F /* AABB.swift in Sources */ = {isa = PBXBuildFile; fileRef = A0C95510199336460066F88F /* AABB.swift */; };
		A0C9551719933ADA0066F88F /* Vector2.swift in Sources */ = {isa = PBXBuildFile; fileRef = A0C9550C199329280066F88F /* Vector2.swift */; };
		A0C9551819933ADA0066F88F /* PointMass.swift in Sources */ = {isa = PBXBuildFile; fileRef = A0C9550E199333D30066F88F /* PointMass.swift */; };
		A0C9551A19933D9B0066F88F /* Bitmask.swift in Sources */ = {isa = PBXBuildFile; fileRef = A0C9551919933D9B0066F88F /* Bitmask.swift */; };
		A0C9551B199340060066F88F /* Bitmask.swift in Sources */ = {isa = PBXBuildFile; fileRef = A0C9551919933D9B0066F88F /* Bitmask.swift */; };
		A0C95520199342D10066F88F /* InternalSpring.swift in Sources */ = {isa = PBXBuildFile; fileRef = A0C9551F199342D10066F88F /* InternalSpring.swift */; };
		A0C95521199342D10066F88F /* InternalSpring.swift in Sources */ = {isa = PBXBuildFile; fileRef = A0C9551F199342D10066F88F /* InternalSpring.swift */; };
		A0C95523199343DF0066F88F /* ClosedShape.swift in Sources */ = {isa = PBXBuildFile; fileRef = A0C95522199343DF0066F88F /* ClosedShape.swift */; };
		A0C95524199343DF0066F88F /* ClosedShape.swift in Sources */ = {isa = PBXBuildFile; fileRef = A0C95522199343DF0066F88F /* ClosedShape.swift */; };
		A0C95526199344390066F88F /* Utils.swift in Sources */ = {isa = PBXBuildFile; fileRef = A0C95525199344390066F88F /* Utils.swift */; };
		A0C95527199344390066F88F /* Utils.swift in Sources */ = {isa = PBXBuildFile; fileRef = A0C95525199344390066F88F /* Utils.swift */; };
		A0C955291993BB360066F88F /* MaterialPair.swift in Sources */ = {isa = PBXBuildFile; fileRef = A0C955281993BB360066F88F /* MaterialPair.swift */; };
		A0C9552A1993BB360066F88F /* MaterialPair.swift in Sources */ = {isa = PBXBuildFile; fileRef = A0C955281993BB360066F88F /* MaterialPair.swift */; };
		A0C9552C1993BC150066F88F /* Body.swift in Sources */ = {isa = PBXBuildFile; fileRef = A0C9552B1993BC150066F88F /* Body.swift */; };
		A0C9552D1993BC150066F88F /* Body.swift in Sources */ = {isa = PBXBuildFile; fileRef = A0C9552B1993BC150066F88F /* Body.swift */; };
		A0C9552F1993BFA50066F88F /* World.swift in Sources */ = {isa = PBXBuildFile; fileRef = A0C9552E1993BFA50066F88F /* World.swift */; };
		A0C955301993BFA50066F88F /* World.swift in Sources */ = {isa = PBXBuildFile; fileRef = A0C9552E1993BFA50066F88F /* World.swift */; };
		A0C955331993C37C0066F88F /* BodyCollisionInformation.swift in Sources */ = {isa = PBXBuildFile; fileRef = A0C955321993C37C0066F88F /* BodyCollisionInformation.swift */; };
		A0C955341993C37C0066F88F /* BodyCollisionInformation.swift in Sources */ = {isa = PBXBuildFile; fileRef = A0C955321993C37C0066F88F /* BodyCollisionInformation.swift */; };
		A0C9553619946BA00066F88F /* GeomUtils.swift in Sources */ = {isa = PBXBuildFile; fileRef = A0C9553519946BA00066F88F /* GeomUtils.swift */; };
		A0C9553719946BA00066F88F /* GeomUtils.swift in Sources */ = {isa = PBXBuildFile; fileRef = A0C9553519946BA00066F88F /* GeomUtils.swift */; };
		A0C9553D1995C2590066F88F /* RenderingSettings.swift in Sources */ = {isa = PBXBuildFile; fileRef = A0C9553C1995C2590066F88F /* RenderingSettings.swift */; };
		A0C9553E1995C2590066F88F /* RenderingSettings.swift in Sources */ = {isa = PBXBuildFile; fileRef = A0C9553C1995C2590066F88F /* RenderingSettings.swift */; };
		A0C9554019968CCA0066F88F /* PhysicsMathTest.swift in Sources */ = {isa = PBXBuildFile; fileRef = A0C9553F19968CCA0066F88F /* PhysicsMathTest.swift */; };
/* End PBXBuildFile section */

/* Begin PBXContainerItemProxy section */
		A0C954FC199329130066F88F /* PBXContainerItemProxy */ = {
			isa = PBXContainerItemProxy;
			containerPortal = A0C954DD199329130066F88F /* Project object */;
			proxyType = 1;
			remoteGlobalIDString = A0C954E4199329130066F88F;
			remoteInfo = JelloSwift;
		};
		A0C9551219933AD30066F88F /* PBXContainerItemProxy */ = {
			isa = PBXContainerItemProxy;
			containerPortal = A0C954DD199329130066F88F /* Project object */;
			proxyType = 1;
			remoteGlobalIDString = A0C954E4199329130066F88F;
			remoteInfo = JelloSwift;
		};
		A0C9551419933AD30066F88F /* PBXContainerItemProxy */ = {
			isa = PBXContainerItemProxy;
			containerPortal = A0C954DD199329130066F88F /* Project object */;
			proxyType = 1;
			remoteGlobalIDString = A0C954E4199329130066F88F;
			remoteInfo = JelloSwift;
		};
/* End PBXContainerItemProxy section */

/* Begin PBXFileReference section */
		A027EE601AD1EF1900E849AC /* BodyEdge.swift */ = {isa = PBXFileReference; fileEncoding = 4; lastKnownFileType = sourcecode.swift; path = BodyEdge.swift; sourceTree = "<group>"; };
		A0510AEC1AAA341C00C03017 /* BodyJoint.swift */ = {isa = PBXFileReference; fileEncoding = 4; lastKnownFileType = sourcecode.swift; path = BodyJoint.swift; sourceTree = "<group>"; };
		A0510AF01AAA41D700C03017 /* PointJointLink.swift */ = {isa = PBXFileReference; fileEncoding = 4; lastKnownFileType = sourcecode.swift; path = PointJointLink.swift; sourceTree = "<group>"; };
		A0510AF21AAA466D00C03017 /* EdgeJointLink.swift */ = {isa = PBXFileReference; fileEncoding = 4; lastKnownFileType = sourcecode.swift; path = EdgeJointLink.swift; sourceTree = "<group>"; };
		A0510AF41AAA4B4500C03017 /* GeomUtilsTests.swift */ = {isa = PBXFileReference; fileEncoding = 4; lastKnownFileType = sourcecode.swift; path = GeomUtilsTests.swift; sourceTree = "<group>"; };
		A0510AF81AAA4FED00C03017 /* BodyJointLink.swift */ = {isa = PBXFileReference; fileEncoding = 4; lastKnownFileType = sourcecode.swift; path = BodyJointLink.swift; sourceTree = "<group>"; };
		A0510AFB1AAA543E00C03017 /* SpringBodyJoint.swift */ = {isa = PBXFileReference; fileEncoding = 4; lastKnownFileType = sourcecode.swift; path = SpringBodyJoint.swift; sourceTree = "<group>"; };
		A0510B001AAA573B00C03017 /* ShapeJointLink.swift */ = {isa = PBXFileReference; fileEncoding = 4; lastKnownFileType = sourcecode.swift; path = ShapeJointLink.swift; sourceTree = "<group>"; };
		A05ECD5219B1A38C00F84326 /* GravityComponent.swift */ = {isa = PBXFileReference; fileEncoding = 4; lastKnownFileType = sourcecode.swift; path = GravityComponent.swift; sourceTree = "<group>"; };
		A06EC14C199FD49200402D4C /* SpringComponent.swift */ = {isa = PBXFileReference; fileEncoding = 4; lastKnownFileType = sourcecode.swift; path = SpringComponent.swift; sourceTree = "<group>"; };
		A06EC14E199FD4EE00402D4C /* BodyComponent.swift */ = {isa = PBXFileReference; fileEncoding = 4; lastKnownFileType = sourcecode.swift; path = BodyComponent.swift; sourceTree = "<group>"; };
		A06EC150199FDB2300402D4C /* PressureComponent.swift */ = {isa = PBXFileReference; fileEncoding = 4; lastKnownFileType = sourcecode.swift; path = PressureComponent.swift; sourceTree = "<group>"; };
		A07D54701997E4EE003C9669 /* PointMassTests.swift */ = {isa = PBXFileReference; fileEncoding = 4; lastKnownFileType = sourcecode.swift; path = PointMassTests.swift; sourceTree = "<group>"; };
		A081CFE11996B04D00C7CA49 /* PolyDrawer.swift */ = {isa = PBXFileReference; fileEncoding = 4; lastKnownFileType = sourcecode.swift; path = PolyDrawer.swift; sourceTree = "<group>"; };
		A08E5FA21AA8B56700F4CA0F /* ClosedShapeTests.swift */ = {isa = PBXFileReference; fileEncoding = 4; lastKnownFileType = sourcecode.swift; path = ClosedShapeTests.swift; sourceTree = "<group>"; };
		A09CC4B41A251A880073BB62 /* JelloSwift.app */ = {isa = PBXFileReference; explicitFileType = wrapper.application; includeInIndex = 0; path = JelloSwift.app; sourceTree = BUILT_PRODUCTS_DIR; };
		A09CC4B51A251A880073BB62 /* JelloSwiftStressTest-Info.plist */ = {isa = PBXFileReference; lastKnownFileType = text.plist.xml; name = "JelloSwiftStressTest-Info.plist"; path = "IJelloSwiftStressTest-Info.plist"; sourceTree = "<absolute>"; };
		A0B015701AD1D57E00340465 /* DemoViewController.swift */ = {isa = PBXFileReference; fileEncoding = 4; lastKnownFileType = sourcecode.swift; path = DemoViewController.swift; sourceTree = "<group>"; };
		A0C954E5199329130066F88F /* JelloSwift.app */ = {isa = PBXFileReference; explicitFileType = wrapper.application; includeInIndex = 0; path = JelloSwift.app; sourceTree = BUILT_PRODUCTS_DIR; };
		A0C954E9199329130066F88F /* Info.plist */ = {isa = PBXFileReference; lastKnownFileType = text.plist.xml; path = Info.plist; sourceTree = "<group>"; };
		A0C954EA199329130066F88F /* AppDelegate.swift */ = {isa = PBXFileReference; lastKnownFileType = sourcecode.swift; path = AppDelegate.swift; sourceTree = "<group>"; };
		A0C954F3199329130066F88F /* Base */ = {isa = PBXFileReference; lastKnownFileType = file.storyboard; name = Base; path = Base.lproj/Main.storyboard; sourceTree = "<group>"; };
		A0C954F5199329130066F88F /* Images.xcassets */ = {isa = PBXFileReference; lastKnownFileType = folder.assetcatalog; path = Images.xcassets; sourceTree = "<group>"; };
		A0C954FB199329130066F88F /* JelloSwiftTests.xctest */ = {isa = PBXFileReference; explicitFileType = wrapper.cfbundle; includeInIndex = 0; path = JelloSwiftTests.xctest; sourceTree = BUILT_PRODUCTS_DIR; };
		A0C95500199329130066F88F /* Info.plist */ = {isa = PBXFileReference; lastKnownFileType = text.plist.xml; path = Info.plist; sourceTree = "<group>"; };
		A0C95501199329130066F88F /* JelloSwiftTests.swift */ = {isa = PBXFileReference; lastKnownFileType = sourcecode.swift; path = JelloSwiftTests.swift; sourceTree = "<group>"; };
		A0C9550C199329280066F88F /* Vector2.swift */ = {isa = PBXFileReference; fileEncoding = 4; lastKnownFileType = sourcecode.swift; path = Vector2.swift; sourceTree = "<group>"; };
		A0C9550E199333D30066F88F /* PointMass.swift */ = {isa = PBXFileReference; fileEncoding = 4; lastKnownFileType = sourcecode.swift; path = PointMass.swift; sourceTree = "<group>"; };
		A0C95510199336460066F88F /* AABB.swift */ = {isa = PBXFileReference; fileEncoding = 4; lastKnownFileType = sourcecode.swift; path = AABB.swift; sourceTree = "<group>"; };
		A0C9551919933D9B0066F88F /* Bitmask.swift */ = {isa = PBXFileReference; fileEncoding = 4; lastKnownFileType = sourcecode.swift; path = Bitmask.swift; sourceTree = "<group>"; };
		A0C9551F199342D10066F88F /* InternalSpring.swift */ = {isa = PBXFileReference; fileEncoding = 4; lastKnownFileType = sourcecode.swift; path = InternalSpring.swift; sourceTree = "<group>"; };
		A0C95522199343DF0066F88F /* ClosedShape.swift */ = {isa = PBXFileReference; fileEncoding = 4; lastKnownFileType = sourcecode.swift; path = ClosedShape.swift; sourceTree = "<group>"; };
		A0C95525199344390066F88F /* Utils.swift */ = {isa = PBXFileReference; fileEncoding = 4; lastKnownFileType = sourcecode.swift; path = Utils.swift; sourceTree = "<group>"; };
		A0C955281993BB360066F88F /* MaterialPair.swift */ = {isa = PBXFileReference; fileEncoding = 4; lastKnownFileType = sourcecode.swift; path = MaterialPair.swift; sourceTree = "<group>"; };
		A0C9552B1993BC150066F88F /* Body.swift */ = {isa = PBXFileReference; fileEncoding = 4; lastKnownFileType = sourcecode.swift; path = Body.swift; sourceTree = "<group>"; };
		A0C9552E1993BFA50066F88F /* World.swift */ = {isa = PBXFileReference; fileEncoding = 4; lastKnownFileType = sourcecode.swift; path = World.swift; sourceTree = "<group>"; };
		A0C955321993C37C0066F88F /* BodyCollisionInformation.swift */ = {isa = PBXFileReference; fileEncoding = 4; lastKnownFileType = sourcecode.swift; path = BodyCollisionInformation.swift; sourceTree = "<group>"; };
		A0C9553519946BA00066F88F /* GeomUtils.swift */ = {isa = PBXFileReference; fileEncoding = 4; lastKnownFileType = sourcecode.swift; path = GeomUtils.swift; sourceTree = "<group>"; };
		A0C9553C1995C2590066F88F /* RenderingSettings.swift */ = {isa = PBXFileReference; fileEncoding = 4; lastKnownFileType = sourcecode.swift; path = RenderingSettings.swift; sourceTree = "<group>"; };
		A0C9553F19968CCA0066F88F /* PhysicsMathTest.swift */ = {isa = PBXFileReference; fileEncoding = 4; lastKnownFileType = sourcecode.swift; path = PhysicsMathTest.swift; sourceTree = "<group>"; };
/* End PBXFileReference section */

/* Begin PBXFrameworksBuildPhase section */
		A09CC4AC1A251A880073BB62 /* Frameworks */ = {
			isa = PBXFrameworksBuildPhase;
			buildActionMask = 2147483647;
			files = (
			);
			runOnlyForDeploymentPostprocessing = 0;
		};
		A0C954E2199329130066F88F /* Frameworks */ = {
			isa = PBXFrameworksBuildPhase;
			buildActionMask = 2147483647;
			files = (
			);
			runOnlyForDeploymentPostprocessing = 0;
		};
		A0C954F8199329130066F88F /* Frameworks */ = {
			isa = PBXFrameworksBuildPhase;
			buildActionMask = 2147483647;
			files = (
			);
			runOnlyForDeploymentPostprocessing = 0;
		};
/* End PBXFrameworksBuildPhase section */

/* Begin PBXGroup section */
		A0510AEE1AAA342100C03017 /* Joints */ = {
			isa = PBXGroup;
			children = (
				A0510AEC1AAA341C00C03017 /* BodyJoint.swift */,
				A0510AFF1AAA544C00C03017 /* Joints */,
				A0510AFE1AAA544000C03017 /* Joint Links */,
			);
			name = Joints;
			sourceTree = "<group>";
		};
		A0510AFE1AAA544000C03017 /* Joint Links */ = {
			isa = PBXGroup;
			children = (
				A0510AF01AAA41D700C03017 /* PointJointLink.swift */,
				A0510AF21AAA466D00C03017 /* EdgeJointLink.swift */,
				A0510AF81AAA4FED00C03017 /* BodyJointLink.swift */,
				A0510B001AAA573B00C03017 /* ShapeJointLink.swift */,
			);
			name = "Joint Links";
			sourceTree = "<group>";
		};
		A0510AFF1AAA544C00C03017 /* Joints */ = {
			isa = PBXGroup;
			children = (
				A0510AFB1AAA543E00C03017 /* SpringBodyJoint.swift */,
			);
			name = Joints;
			sourceTree = "<group>";
		};
		A06EC14B199FD47E00402D4C /* BodyComponents */ = {
			isa = PBXGroup;
			children = (
				A06EC14E199FD4EE00402D4C /* BodyComponent.swift */,
				A06EC14C199FD49200402D4C /* SpringComponent.swift */,
				A06EC150199FDB2300402D4C /* PressureComponent.swift */,
				A05ECD5219B1A38C00F84326 /* GravityComponent.swift */,
			);
			name = BodyComponents;
			sourceTree = "<group>";
		};
		A081CFE01996B00200C7CA49 /* DrawingUtils */ = {
			isa = PBXGroup;
			children = (
				A081CFE11996B04D00C7CA49 /* PolyDrawer.swift */,
			);
			name = DrawingUtils;
			sourceTree = "<group>";
		};
		A0C954DC199329130066F88F = {
			isa = PBXGroup;
			children = (
				A0C954E7199329130066F88F /* JelloSwift */,
				A0C954FE199329130066F88F /* JelloSwiftTests */,
				A0C954E6199329130066F88F /* Products */,
			);
			sourceTree = "<group>";
		};
		A0C954E6199329130066F88F /* Products */ = {
			isa = PBXGroup;
			children = (
				A0C954E5199329130066F88F /* JelloSwift.app */,
				A0C954FB199329130066F88F /* JelloSwiftTests.xctest */,
				A09CC4B41A251A880073BB62 /* JelloSwift.app */,
			);
			name = Products;
			sourceTree = "<group>";
		};
		A0C954E7199329130066F88F /* JelloSwift */ = {
			isa = PBXGroup;
			children = (
				A081CFE01996B00200C7CA49 /* DrawingUtils */,
				A0C9550B199329180066F88F /* Jello */,
				A0C954EA199329130066F88F /* AppDelegate.swift */,
				A0B015701AD1D57E00340465 /* DemoViewController.swift */,
				A0C954F2199329130066F88F /* Main.storyboard */,
				A0C954F5199329130066F88F /* Images.xcassets */,
				A0C954E8199329130066F88F /* Supporting Files */,
			);
			path = JelloSwift;
			sourceTree = "<group>";
		};
		A0C954E8199329130066F88F /* Supporting Files */ = {
			isa = PBXGroup;
			children = (
				A09CC4B51A251A880073BB62 /* JelloSwiftStressTest-Info.plist */,
				A0C954E9199329130066F88F /* Info.plist */,
			);
			name = "Supporting Files";
			sourceTree = "<group>";
		};
		A0C954FE199329130066F88F /* JelloSwiftTests */ = {
			isa = PBXGroup;
			children = (
				A0C95501199329130066F88F /* JelloSwiftTests.swift */,
				A0C9553F19968CCA0066F88F /* PhysicsMathTest.swift */,
				A07D54701997E4EE003C9669 /* PointMassTests.swift */,
				A08E5FA21AA8B56700F4CA0F /* ClosedShapeTests.swift */,
				A0510AF41AAA4B4500C03017 /* GeomUtilsTests.swift */,
				A0C954FF199329130066F88F /* Supporting Files */,
			);
			path = JelloSwiftTests;
			sourceTree = "<group>";
		};
		A0C954FF199329130066F88F /* Supporting Files */ = {
			isa = PBXGroup;
			children = (
				A0C95500199329130066F88F /* Info.plist */,
			);
			name = "Supporting Files";
			sourceTree = "<group>";
		};
		A0C9550B199329180066F88F /* Jello */ = {
			isa = PBXGroup;
			children = (
				A0510AEE1AAA342100C03017 /* Joints */,
				A06EC14B199FD47E00402D4C /* BodyComponents */,
				A0C955311993C3570066F88F /* Structs */,
				A0C9552E1993BFA50066F88F /* World.swift */,
				A0C9552B1993BC150066F88F /* Body.swift */,
				A0C95522199343DF0066F88F /* ClosedShape.swift */,
				A0C95510199336460066F88F /* AABB.swift */,
				A0C9550E199333D30066F88F /* PointMass.swift */,
				A0C9553519946BA00066F88F /* GeomUtils.swift */,
				A0C95525199344390066F88F /* Utils.swift */,
				A0C9553C1995C2590066F88F /* RenderingSettings.swift */,
			);
			name = Jello;
			sourceTree = "<group>";
		};
		A0C955311993C3570066F88F /* Structs */ = {
			isa = PBXGroup;
			children = (
				A0C9551F199342D10066F88F /* InternalSpring.swift */,
				A0C955281993BB360066F88F /* MaterialPair.swift */,
				A0C9550C199329280066F88F /* Vector2.swift */,
				A0C9551919933D9B0066F88F /* Bitmask.swift */,
				A0C955321993C37C0066F88F /* BodyCollisionInformation.swift */,
				A027EE601AD1EF1900E849AC /* BodyEdge.swift */,
			);
			name = Structs;
			sourceTree = "<group>";
		};
/* End PBXGroup section */

/* Begin PBXNativeTarget section */
		A09CC4941A251A880073BB62 /* JelloSwiftStressTest */ = {
			isa = PBXNativeTarget;
			buildConfigurationList = A09CC4B11A251A880073BB62 /* Build configuration list for PBXNativeTarget "JelloSwiftStressTest" */;
			buildPhases = (
				A09CC4951A251A880073BB62 /* Sources */,
				A09CC4AC1A251A880073BB62 /* Frameworks */,
				A09CC4AD1A251A880073BB62 /* Resources */,
			);
			buildRules = (
			);
			dependencies = (
			);
			name = JelloSwiftStressTest;
			productName = JelloSwift;
			productReference = A09CC4B41A251A880073BB62 /* JelloSwift.app */;
			productType = "com.apple.product-type.application";
		};
		A0C954E4199329130066F88F /* JelloSwift */ = {
			isa = PBXNativeTarget;
			buildConfigurationList = A0C95505199329130066F88F /* Build configuration list for PBXNativeTarget "JelloSwift" */;
			buildPhases = (
				A0C954E1199329130066F88F /* Sources */,
				A0C954E2199329130066F88F /* Frameworks */,
				A0C954E3199329130066F88F /* Resources */,
			);
			buildRules = (
			);
			dependencies = (
			);
			name = JelloSwift;
			productName = JelloSwift;
			productReference = A0C954E5199329130066F88F /* JelloSwift.app */;
			productType = "com.apple.product-type.application";
		};
		A0C954FA199329130066F88F /* JelloSwiftTests */ = {
			isa = PBXNativeTarget;
			buildConfigurationList = A0C95508199329130066F88F /* Build configuration list for PBXNativeTarget "JelloSwiftTests" */;
			buildPhases = (
				A0C954F7199329130066F88F /* Sources */,
				A0C954F8199329130066F88F /* Frameworks */,
				A0C954F9199329130066F88F /* Resources */,
			);
			buildRules = (
			);
			dependencies = (
				A0C954FD199329130066F88F /* PBXTargetDependency */,
				A0C9551319933AD30066F88F /* PBXTargetDependency */,
				A0C9551519933AD30066F88F /* PBXTargetDependency */,
			);
			name = JelloSwiftTests;
			productName = JelloSwiftTests;
			productReference = A0C954FB199329130066F88F /* JelloSwiftTests.xctest */;
			productType = "com.apple.product-type.bundle.unit-test";
		};
/* End PBXNativeTarget section */

/* Begin PBXProject section */
		A0C954DD199329130066F88F /* Project object */ = {
			isa = PBXProject;
			attributes = {
				LastUpgradeCheck = 0600;
				ORGANIZATIONNAME = "Luiz Fernando Silva";
				TargetAttributes = {
					A0C954E4199329130066F88F = {
						CreatedOnToolsVersion = 6.0;
						DevelopmentTeam = 2E2NEW4A56;
					};
					A0C954FA199329130066F88F = {
						CreatedOnToolsVersion = 6.0;
						TestTargetID = A0C954E4199329130066F88F;
					};
				};
			};
			buildConfigurationList = A0C954E0199329130066F88F /* Build configuration list for PBXProject "JelloSwift" */;
			compatibilityVersion = "Xcode 3.2";
			developmentRegion = English;
			hasScannedForEncodings = 0;
			knownRegions = (
				en,
				Base,
			);
			mainGroup = A0C954DC199329130066F88F;
			productRefGroup = A0C954E6199329130066F88F /* Products */;
			projectDirPath = "";
			projectRoot = "";
			targets = (
				A0C954E4199329130066F88F /* JelloSwift */,
				A09CC4941A251A880073BB62 /* JelloSwiftStressTest */,
				A0C954FA199329130066F88F /* JelloSwiftTests */,
			);
		};
/* End PBXProject section */

/* Begin PBXResourcesBuildPhase section */
		A09CC4AD1A251A880073BB62 /* Resources */ = {
			isa = PBXResourcesBuildPhase;
			buildActionMask = 2147483647;
			files = (
				A09CC4AE1A251A880073BB62 /* Images.xcassets in Resources */,
				A09CC4B01A251A880073BB62 /* Main.storyboard in Resources */,
			);
			runOnlyForDeploymentPostprocessing = 0;
		};
		A0C954E3199329130066F88F /* Resources */ = {
			isa = PBXResourcesBuildPhase;
			buildActionMask = 2147483647;
			files = (
				A0C954F6199329130066F88F /* Images.xcassets in Resources */,
				A0C954F4199329130066F88F /* Main.storyboard in Resources */,
			);
			runOnlyForDeploymentPostprocessing = 0;
		};
		A0C954F9199329130066F88F /* Resources */ = {
			isa = PBXResourcesBuildPhase;
			buildActionMask = 2147483647;
			files = (
			);
			runOnlyForDeploymentPostprocessing = 0;
		};
/* End PBXResourcesBuildPhase section */

/* Begin PBXSourcesBuildPhase section */
		A09CC4951A251A880073BB62 /* Sources */ = {
			isa = PBXSourcesBuildPhase;
			buildActionMask = 2147483647;
			files = (
				A09CC4971A251A880073BB62 /* AABB.swift in Sources */,
				A09CC4981A251A880073BB62 /* PointMass.swift in Sources */,
				A0510AF61AAA4BCC00C03017 /* EdgeJointLink.swift in Sources */,
				A09CC4991A251A880073BB62 /* GeomUtils.swift in Sources */,
				A09CC49A1A251A880073BB62 /* BodyCollisionInformation.swift in Sources */,
				A09CC49B1A251A880073BB62 /* RenderingSettings.swift in Sources */,
				A09CC49C1A251A880073BB62 /* Vector2.swift in Sources */,
				A0510B021AAA573B00C03017 /* ShapeJointLink.swift in Sources */,
				A027EE621AD1EF1900E849AC /* BodyEdge.swift in Sources */,
				A09CC49D1A251A880073BB62 /* SpringComponent.swift in Sources */,
				A09CC49E1A251A880073BB62 /* InternalSpring.swift in Sources */,
				A09CC49F1A251A880073BB62 /* GravityComponent.swift in Sources */,
				A09CC4A01A251A880073BB62 /* PressureComponent.swift in Sources */,
				A0510AFD1AAA543E00C03017 /* SpringBodyJoint.swift in Sources */,
				A0510AEF1AAA404300C03017 /* BodyJoint.swift in Sources */,
				A09CC4A11A251A880073BB62 /* PolyDrawer.swift in Sources */,
				A09CC4A21A251A880073BB62 /* Bitmask.swift in Sources */,
				A0510AFA1AAA4FED00C03017 /* BodyJointLink.swift in Sources */,
				A09CC4A41A251A880073BB62 /* BodyComponent.swift in Sources */,
				A09CC4A51A251A880073BB62 /* Body.swift in Sources */,
				A09CC4A61A251A880073BB62 /* Utils.swift in Sources */,
				A09CC4A71A251A880073BB62 /* MaterialPair.swift in Sources */,
				A09CC4A91A251A880073BB62 /* AppDelegate.swift in Sources */,
				A09CC4AA1A251A880073BB62 /* World.swift in Sources */,
				A09CC4AB1A251A880073BB62 /* ClosedShape.swift in Sources */,
				A0B015721AD1D57E00340465 /* DemoViewController.swift in Sources */,
				A0510AF71AAA4C9000C03017 /* PointJointLink.swift in Sources */,
			);
			runOnlyForDeploymentPostprocessing = 0;
		};
		A0C954E1199329130066F88F /* Sources */ = {
			isa = PBXSourcesBuildPhase;
			buildActionMask = 2147483647;
			files = (
				A0C95511199336460066F88F /* AABB.swift in Sources */,
				A0C9550F199333D30066F88F /* PointMass.swift in Sources */,
				A0C9553619946BA00066F88F /* GeomUtils.swift in Sources */,
				A0C955331993C37C0066F88F /* BodyCollisionInformation.swift in Sources */,
				A0C9553D1995C2590066F88F /* RenderingSettings.swift in Sources */,
				A0C9550D199329280066F88F /* Vector2.swift in Sources */,
				A0510AF31AAA466D00C03017 /* EdgeJointLink.swift in Sources */,
				A0510B011AAA573B00C03017 /* ShapeJointLink.swift in Sources */,
				A027EE611AD1EF1900E849AC /* BodyEdge.swift in Sources */,
				A06EC14D199FD49200402D4C /* SpringComponent.swift in Sources */,
				A0C95520199342D10066F88F /* InternalSpring.swift in Sources */,
				A05ECD5319B1A38C00F84326 /* GravityComponent.swift in Sources */,
				A0510AF11AAA41D700C03017 /* PointJointLink.swift in Sources */,
				A0510AFC1AAA543E00C03017 /* SpringBodyJoint.swift in Sources */,
				A06EC151199FDB2300402D4C /* PressureComponent.swift in Sources */,
				A0510AED1AAA341C00C03017 /* BodyJoint.swift in Sources */,
				A081CFE21996B04D00C7CA49 /* PolyDrawer.swift in Sources */,
				A0C9551A19933D9B0066F88F /* Bitmask.swift in Sources */,
				A0510AF91AAA4FED00C03017 /* BodyJointLink.swift in Sources */,
				A06EC14F199FD4EE00402D4C /* BodyComponent.swift in Sources */,
				A0C9552C1993BC150066F88F /* Body.swift in Sources */,
				A0C95526199344390066F88F /* Utils.swift in Sources */,
				A0C955291993BB360066F88F /* MaterialPair.swift in Sources */,
				A0C954EB199329130066F88F /* AppDelegate.swift in Sources */,
				A0C9552F1993BFA50066F88F /* World.swift in Sources */,
				A0B015711AD1D57E00340465 /* DemoViewController.swift in Sources */,
				A0C95523199343DF0066F88F /* ClosedShape.swift in Sources */,
			);
			runOnlyForDeploymentPostprocessing = 0;
		};
		A0C954F7199329130066F88F /* Sources */ = {
			isa = PBXSourcesBuildPhase;
			buildActionMask = 2147483647;
			files = (
				A0A4B4D81AC640640097AFDC /* ShapeJointLink.swift in Sources */,
				A05ECD5419B1A6D700F84326 /* BodyComponent.swift in Sources */,
				A05ECD5519B1A6D700F84326 /* SpringComponent.swift in Sources */,
				A05ECD5619B1A6D700F84326 /* PressureComponent.swift in Sources */,
				A05ECD5719B1A6D700F84326 /* GravityComponent.swift in Sources */,
				A0C9552D1993BC150066F88F /* Body.swift in Sources */,
				A0C9553E1995C2590066F88F /* RenderingSettings.swift in Sources */,
				A0C9551B199340060066F88F /* Bitmask.swift in Sources */,
				A0C9551619933ADA0066F88F /* AABB.swift in Sources */,
				A07D54711997E4EE003C9669 /* PointMassTests.swift in Sources */,
				A0C9552A1993BB360066F88F /* MaterialPair.swift in Sources */,
				A0A4B4DB1AC6406C0097AFDC /* EdgeJointLink.swift in Sources */,
				A0C95527199344390066F88F /* Utils.swift in Sources */,
				A08E5FA31AA8B56700F4CA0F /* ClosedShapeTests.swift in Sources */,
				A027EE631AD2073900E849AC /* BodyEdge.swift in Sources */,
				A0C9551719933ADA0066F88F /* Vector2.swift in Sources */,
				A0A4B4D71AC640640097AFDC /* BodyJointLink.swift in Sources */,
				A0A4B4D31AC6405B0097AFDC /* SpringBodyJoint.swift in Sources */,
				A0C955301993BFA50066F88F /* World.swift in Sources */,
				A0C9554019968CCA0066F88F /* PhysicsMathTest.swift in Sources */,
				A0C9551819933ADA0066F88F /* PointMass.swift in Sources */,
				A0A4B4DA1AC6406C0097AFDC /* PointJointLink.swift in Sources */,
				A0C95521199342D10066F88F /* InternalSpring.swift in Sources */,
				A0C95502199329130066F88F /* JelloSwiftTests.swift in Sources */,
				A0C955341993C37C0066F88F /* BodyCollisionInformation.swift in Sources */,
				A0A4B4D41AC6405E0097AFDC /* BodyJoint.swift in Sources */,
				A0510AF51AAA4B4500C03017 /* GeomUtilsTests.swift in Sources */,
				A0C95524199343DF0066F88F /* ClosedShape.swift in Sources */,
				A0C9553719946BA00066F88F /* GeomUtils.swift in Sources */,
			);
			runOnlyForDeploymentPostprocessing = 0;
		};
/* End PBXSourcesBuildPhase section */

/* Begin PBXTargetDependency section */
		A0C954FD199329130066F88F /* PBXTargetDependency */ = {
			isa = PBXTargetDependency;
			target = A0C954E4199329130066F88F /* JelloSwift */;
			targetProxy = A0C954FC199329130066F88F /* PBXContainerItemProxy */;
		};
		A0C9551319933AD30066F88F /* PBXTargetDependency */ = {
			isa = PBXTargetDependency;
			target = A0C954E4199329130066F88F /* JelloSwift */;
			targetProxy = A0C9551219933AD30066F88F /* PBXContainerItemProxy */;
		};
		A0C9551519933AD30066F88F /* PBXTargetDependency */ = {
			isa = PBXTargetDependency;
			target = A0C954E4199329130066F88F /* JelloSwift */;
			targetProxy = A0C9551419933AD30066F88F /* PBXContainerItemProxy */;
		};
/* End PBXTargetDependency section */

/* Begin PBXVariantGroup section */
		A0C954F2199329130066F88F /* Main.storyboard */ = {
			isa = PBXVariantGroup;
			children = (
				A0C954F3199329130066F88F /* Base */,
			);
			name = Main.storyboard;
			sourceTree = "<group>";
		};
/* End PBXVariantGroup section */

/* Begin XCBuildConfiguration section */
		A09CC4B21A251A880073BB62 /* Debug */ = {
			isa = XCBuildConfiguration;
			buildSettings = {
				ASSETCATALOG_COMPILER_APPICON_NAME = AppIcon;
				ASSETCATALOG_COMPILER_LAUNCHIMAGE_NAME = LaunchImage;
				CODE_SIGN_IDENTITY = "iPhone Developer";
				GCC_OPTIMIZATION_LEVEL = fast;
				INFOPLIST_FILE = "JelloSwiftStressTest-Info.plist";
				IPHONEOS_DEPLOYMENT_TARGET = 7.1;
				LD_RUNPATH_SEARCH_PATHS = "$(inherited) @executable_path/Frameworks";
				PRODUCT_NAME = JelloSwift;
				SWIFT_OPTIMIZATION_LEVEL = "-Ounchecked";
				TARGETED_DEVICE_FAMILY = "1,2";
			};
			name = Debug;
		};
		A09CC4B31A251A880073BB62 /* Release */ = {
			isa = XCBuildConfiguration;
			buildSettings = {
				ASSETCATALOG_COMPILER_APPICON_NAME = AppIcon;
				ASSETCATALOG_COMPILER_LAUNCHIMAGE_NAME = LaunchImage;
				CODE_SIGN_IDENTITY = "iPhone Developer";
				GCC_OPTIMIZATION_LEVEL = fast;
				INFOPLIST_FILE = "JelloSwiftStressTest-Info.plist";
				IPHONEOS_DEPLOYMENT_TARGET = 7.1;
				LD_RUNPATH_SEARCH_PATHS = "$(inherited) @executable_path/Frameworks";
				PRODUCT_NAME = JelloSwift;
				SWIFT_OPTIMIZATION_LEVEL = "-Ounchecked";
				TARGETED_DEVICE_FAMILY = "1,2";
			};
			name = Release;
		};
		A0C95503199329130066F88F /* Debug */ = {
			isa = XCBuildConfiguration;
			buildSettings = {
				ALWAYS_SEARCH_USER_PATHS = NO;
				CLANG_CXX_LANGUAGE_STANDARD = "gnu++0x";
				CLANG_CXX_LIBRARY = "libc++";
				CLANG_ENABLE_MODULES = YES;
				CLANG_ENABLE_OBJC_ARC = YES;
				CLANG_WARN_BOOL_CONVERSION = YES;
				CLANG_WARN_CONSTANT_CONVERSION = YES;
				CLANG_WARN_DIRECT_OBJC_ISA_USAGE = YES_ERROR;
				CLANG_WARN_EMPTY_BODY = YES;
				CLANG_WARN_ENUM_CONVERSION = YES;
				CLANG_WARN_INT_CONVERSION = YES;
				CLANG_WARN_OBJC_ROOT_CLASS = YES_ERROR;
				CLANG_WARN_UNREACHABLE_CODE = YES;
				CLANG_WARN__DUPLICATE_METHOD_MATCH = YES;
				"CODE_SIGN_IDENTITY[sdk=iphoneos*]" = "iPhone Developer";
				COPY_PHASE_STRIP = NO;
				ENABLE_STRICT_OBJC_MSGSEND = YES;
				GCC_C_LANGUAGE_STANDARD = gnu99;
				GCC_DYNAMIC_NO_PIC = NO;
				GCC_OPTIMIZATION_LEVEL = 0;
				GCC_PREPROCESSOR_DEFINITIONS = (
					"DEBUG=1",
					"$(inherited)",
				);
				GCC_SYMBOLS_PRIVATE_EXTERN = NO;
				GCC_WARN_64_TO_32_BIT_CONVERSION = YES;
				GCC_WARN_ABOUT_RETURN_TYPE = YES_ERROR;
				GCC_WARN_UNDECLARED_SELECTOR = YES;
				GCC_WARN_UNINITIALIZED_AUTOS = YES_AGGRESSIVE;
				GCC_WARN_UNUSED_FUNCTION = YES;
				GCC_WARN_UNUSED_VARIABLE = YES;
				IPHONEOS_DEPLOYMENT_TARGET = 8.0;
				MTL_ENABLE_DEBUG_INFO = YES;
				ONLY_ACTIVE_ARCH = YES;
				SDKROOT = iphoneos;
				SWIFT_OPTIMIZATION_LEVEL = "-Onone";
				TARGETED_DEVICE_FAMILY = "1,2";
			};
			name = Debug;
		};
		A0C95504199329130066F88F /* Release */ = {
			isa = XCBuildConfiguration;
			buildSettings = {
				ALWAYS_SEARCH_USER_PATHS = NO;
				CLANG_CXX_LANGUAGE_STANDARD = "gnu++0x";
				CLANG_CXX_LIBRARY = "libc++";
				CLANG_ENABLE_MODULES = YES;
				CLANG_ENABLE_OBJC_ARC = YES;
				CLANG_WARN_BOOL_CONVERSION = YES;
				CLANG_WARN_CONSTANT_CONVERSION = YES;
				CLANG_WARN_DIRECT_OBJC_ISA_USAGE = YES_ERROR;
				CLANG_WARN_EMPTY_BODY = YES;
				CLANG_WARN_ENUM_CONVERSION = YES;
				CLANG_WARN_INT_CONVERSION = YES;
				CLANG_WARN_OBJC_ROOT_CLASS = YES_ERROR;
				CLANG_WARN_UNREACHABLE_CODE = YES;
				CLANG_WARN__DUPLICATE_METHOD_MATCH = YES;
				"CODE_SIGN_IDENTITY[sdk=iphoneos*]" = "iPhone Developer";
				COPY_PHASE_STRIP = YES;
				ENABLE_NS_ASSERTIONS = NO;
				ENABLE_STRICT_OBJC_MSGSEND = YES;
				GCC_C_LANGUAGE_STANDARD = gnu99;
				GCC_OPTIMIZATION_LEVEL = 3;
				GCC_WARN_64_TO_32_BIT_CONVERSION = YES;
				GCC_WARN_ABOUT_RETURN_TYPE = YES_ERROR;
				GCC_WARN_UNDECLARED_SELECTOR = YES;
				GCC_WARN_UNINITIALIZED_AUTOS = YES_AGGRESSIVE;
				GCC_WARN_UNUSED_FUNCTION = YES;
				GCC_WARN_UNUSED_VARIABLE = YES;
				IPHONEOS_DEPLOYMENT_TARGET = 8.0;
				MTL_ENABLE_DEBUG_INFO = NO;
				SDKROOT = iphoneos;
				SWIFT_OPTIMIZATION_LEVEL = "-O";
				TARGETED_DEVICE_FAMILY = "1,2";
				VALIDATE_PRODUCT = YES;
			};
			name = Release;
		};
		A0C95506199329130066F88F /* Debug */ = {
			isa = XCBuildConfiguration;
			buildSettings = {
				ASSETCATALOG_COMPILER_APPICON_NAME = AppIcon;
				ASSETCATALOG_COMPILER_LAUNCHIMAGE_NAME = LaunchImage;
				CODE_SIGN_IDENTITY = "iPhone Developer";
				GCC_OPTIMIZATION_LEVEL = 0;
				INFOPLIST_FILE = JelloSwift/Info.plist;
				IPHONEOS_DEPLOYMENT_TARGET = 8.0;
				LD_RUNPATH_SEARCH_PATHS = "$(inherited) @executable_path/Frameworks";
				PRODUCT_NAME = "$(TARGET_NAME)";
				SWIFT_OPTIMIZATION_LEVEL = "-Onone";
				TARGETED_DEVICE_FAMILY = "1,2";
			};
			name = Debug;
		};
		A0C95507199329130066F88F /* Release */ = {
			isa = XCBuildConfiguration;
			buildSettings = {
				ASSETCATALOG_COMPILER_APPICON_NAME = AppIcon;
				ASSETCATALOG_COMPILER_LAUNCHIMAGE_NAME = LaunchImage;
				CODE_SIGN_IDENTITY = "iPhone Developer";
				GCC_OPTIMIZATION_LEVEL = 0;
				INFOPLIST_FILE = JelloSwift/Info.plist;
				IPHONEOS_DEPLOYMENT_TARGET = 8.0;
				LD_RUNPATH_SEARCH_PATHS = "$(inherited) @executable_path/Frameworks";
				PRODUCT_NAME = "$(TARGET_NAME)";
				TARGETED_DEVICE_FAMILY = "1,2";
			};
			name = Release;
		};
		A0C95509199329130066F88F /* Debug */ = {
			isa = XCBuildConfiguration;
			buildSettings = {
				BUNDLE_LOADER = "$(BUILT_PRODUCTS_DIR)/JelloSwift.app/JelloSwift";
				FRAMEWORK_SEARCH_PATHS = (
					"$(SDKROOT)/Developer/Library/Frameworks",
					"$(inherited)",
				);
				GCC_PREPROCESSOR_DEFINITIONS = (
					"DEBUG=1",
					"$(inherited)",
				);
				INFOPLIST_FILE = JelloSwiftTests/Info.plist;
				LD_RUNPATH_SEARCH_PATHS = "$(inherited) @executable_path/Frameworks @loader_path/Frameworks";
				PRODUCT_NAME = "$(TARGET_NAME)";
				TEST_HOST = "$(BUNDLE_LOADER)";
			};
			name = Debug;
		};
		A0C9550A199329130066F88F /* Release */ = {
			isa = XCBuildConfiguration;
			buildSettings = {
				BUNDLE_LOADER = "$(BUILT_PRODUCTS_DIR)/JelloSwift.app/JelloSwift";
				FRAMEWORK_SEARCH_PATHS = (
					"$(SDKROOT)/Developer/Library/Frameworks",
					"$(inherited)",
				);
				INFOPLIST_FILE = JelloSwiftTests/Info.plist;
				LD_RUNPATH_SEARCH_PATHS = "$(inherited) @executable_path/Frameworks @loader_path/Frameworks";
				PRODUCT_NAME = "$(TARGET_NAME)";
				TEST_HOST = "$(BUNDLE_LOADER)";
			};
			name = Release;
		};
/* End XCBuildConfiguration section */

/* Begin XCConfigurationList section */
		A09CC4B11A251A880073BB62 /* Build configuration list for PBXNativeTarget "JelloSwiftStressTest" */ = {
			isa = XCConfigurationList;
			buildConfigurations = (
				A09CC4B21A251A880073BB62 /* Debug */,
				A09CC4B31A251A880073BB62 /* Release */,
			);
			defaultConfigurationIsVisible = 0;
			defaultConfigurationName = Release;
		};
		A0C954E0199329130066F88F /* Build configuration list for PBXProject "JelloSwift" */ = {
			isa = XCConfigurationList;
			buildConfigurations = (
				A0C95503199329130066F88F /* Debug */,
				A0C95504199329130066F88F /* Release */,
			);
			defaultConfigurationIsVisible = 0;
			defaultConfigurationName = Release;
		};
		A0C95505199329130066F88F /* Build configuration list for PBXNativeTarget "JelloSwift" */ = {
			isa = XCConfigurationList;
			buildConfigurations = (
				A0C95506199329130066F88F /* Debug */,
				A0C95507199329130066F88F /* Release */,
			);
			defaultConfigurationIsVisible = 0;
			defaultConfigurationName = Release;
		};
		A0C95508199329130066F88F /* Build configuration list for PBXNativeTarget "JelloSwiftTests" */ = {
			isa = XCConfigurationList;
			buildConfigurations = (
				A0C95509199329130066F88F /* Debug */,
				A0C9550A199329130066F88F /* Release */,
			);
			defaultConfigurationIsVisible = 0;
			defaultConfigurationName = Release;
		};
/* End XCConfigurationList section */
	};
	rootObject = A0C954DD199329130066F88F /* Project object */;
}
